<?xml version="1.0" encoding="UTF-8" standalone="yes" ?>
<CodeBlocks_project_file>
	<FileVersion major="1" minor="6" />
	<Project>
		<Option title="LCDR - Name generator" />
		<Option pch_mode="2" />
		<Option compiler="clang" />
		<Build>
			<Target title="Debug">
				<Option output="bin/Debug/LCDR - Generateur de noms" prefix_auto="1" extension_auto="1" />
				<Option object_output="obj/Debug/" />
				<Option type="1" />
				<Option compiler="clang" />
				<Compiler>
					<Add option="-ggdb" />
					<Add directory="include" />
					<Add directory="../LCDR - Générateur de noms" />
				</Compiler>
				<Linker>
					<Add option="-ggdb" />
				</Linker>
			</Target>
			<Target title="Release">
				<Option output="bin/Release/LCDR - Generateur de noms" prefix_auto="1" extension_auto="1" />
				<Option object_output="obj/Release/" />
				<Option type="1" />
				<Option compiler="clang" />
				<Compiler>
					<Add option="-O3" />
					<Add directory="include" />
					<Add directory="../LCDR - Générateur de noms" />
				</Compiler>
				<Linker>
					<Add option="-s" />
				</Linker>
			</Target>
		</Build>
		<Compiler>
			<Add option="-Wall" />
			<Add option="-std=c++20" />
			<Add option="-fexceptions" />
			<Add directory="C:/Users/vultrao/Workspace/boost_1_78_0/" />
		</Compiler>
		<Unit filename="CSVReader.cpp" />
		<Unit filename="CSVReader.h" />
		<Unit filename="ErrorHandler.h" />
		<Unit filename="NameAssociations.csv" />
		<Unit filename="NameAssociator.cpp" />
		<Unit filename="NameAssociator.h" />
		<Unit filename="README.md" />
		<Unit filename="SyllableAssociations.csv" />
		<Unit filename="SyllableAssociator.cpp" />
		<Unit filename="SyllableAssociator.h" />
		<Unit filename="main.cpp" />
		<Extensions />
	</Project>
</CodeBlocks_project_file>
